
Microsoft Visual Studio Solution File, Format Version 12.00
# Visual Studio Version 17
VisualStudioVersion = 17.14.36930.0 d17.14
MinimumVisualStudioVersion = 10.0.40219.1
Project("{FAE04EC0-301F-11D3-BF4B-00C04F79EFBC}") = "PersonalFinanceTracker", "PersonalFinanceTracker\PersonalFinanceTracker.csproj", "{AFFCE125-C1BF-4D35-9DF2-0081843320B2}"
EndProject
Global
	GlobalSection(SolutionConfigurationPlatforms) = preSolution
		Debug|Any CPU = Debug|Any CPU
		Release|Any CPU = Release|Any CPU
	EndGlobalSection
	GlobalSection(ProjectConfigurationPlatforms) = postSolution
		{AFFCE125-C1BF-4D35-9DF2-0081843320B2}.Debug|Any CPU.ActiveCfg = Debug|Any CPU
		{AFFCE125-C1BF-4D35-9DF2-0081843320B2}.Debug|Any CPU.Build.0 = Debug|Any CPU
		{AFFCE125-C1BF-4D35-9DF2-0081843320B2}.Release|Any CPU.ActiveCfg = Release|Any CPU
		{AFFCE125-C1BF-4D35-9DF2-0081843320B2}.Release|Any CPU.Build.0 = Release|Any CPU
	EndGlobalSection
	GlobalSection(SolutionProperties) = preSolution
		HideSolutionNode = FALSE
	EndGlobalSection
	GlobalSection(ExtensibilityGlobals) = postSolution
		SolutionGuid = {59F0B076-DBE4-4291-8E21-F3A15D768892}
	EndGlobalSection
EndGlobal
